
Microsoft Visual Studio Solution File, Format Version 12.00
# Visual Studio Version 17
VisualStudioVersion = 17.14.36915.13 d17.14
MinimumVisualStudioVersion = 10.0.40219.1
Project("{FAE04EC0-301F-11D3-BF4B-00C04F79EFBC}") = "Keresztrejtveny", "Keresztrejtveny\Keresztrejtveny.csproj", "{968BB16D-6410-41FC-9243-669002A948FB}"
EndProject
Global
	GlobalSection(SolutionConfigurationPlatforms) = preSolution
		Debug|Any CPU = Debug|Any CPU
		Release|Any CPU = Release|Any CPU
	EndGlobalSection
	GlobalSection(ProjectConfigurationPlatforms) = postSolution
		{968BB16D-6410-41FC-9243-669002A948FB}.Debug|Any CPU.ActiveCfg = Debug|Any CPU
		{968BB16D-6410-41FC-9243-669002A948FB}.Debug|Any CPU.Build.0 = Debug|Any CPU
		{968BB16D-6410-41FC-9243-669002A948FB}.Release|Any CPU.ActiveCfg = Release|Any CPU
		{968BB16D-6410-41FC-9243-669002A948FB}.Release|Any CPU.Build.0 = Release|Any CPU
	EndGlobalSection
	GlobalSection(SolutionProperties) = preSolution
		HideSolutionNode = FALSE
	EndGlobalSection
	GlobalSection(ExtensibilityGlobals) = postSolution
		SolutionGuid = {7766776A-D7BB-4DC8-A447-86D805EB82D6}
	EndGlobalSection
EndGlobal
